
Microsoft Visual Studio Solution File, Format Version 12.00
# Visual Studio 15
VisualStudioVersion = 15.0.26124.0
MinimumVisualStudioVersion = 15.0.26124.0
Project("{FAE04EC0-301F-11D3-BF4B-00C04F79EFBC}") = "API", "API\API.csproj", "{9984E2D7-9B01-4A04-817F-ED5C71EB24E0}"
EndProject
Project("{FAE04EC0-301F-11D3-BF4B-00C04F79EFBC}") = "Core", "Core\Core.csproj", "{39DF8338-BB67-472A-BE78-F7DEC9D291CC}"
EndProject
Project("{FAE04EC0-301F-11D3-BF4B-00C04F79EFBC}") = "Infrastructure", "Infrastructure\Infrastructure.csproj", "{C9A1D90F-3E8A-4B3D-A1D1-8F1ED8A538AA}"
EndProject
Global
	GlobalSection(SolutionConfigurationPlatforms) = preSolution
		Debug|Any CPU = Debug|Any CPU
		Debug|x64 = Debug|x64
		Debug|x86 = Debug|x86
		Release|Any CPU = Release|Any CPU
		Release|x64 = Release|x64
		Release|x86 = Release|x86
	EndGlobalSection
	GlobalSection(SolutionProperties) = preSolution
		HideSolutionNode = FALSE
	EndGlobalSection
	GlobalSection(ProjectConfigurationPlatforms) = postSolution
		{9984E2D7-9B01-4A04-817F-ED5C71EB24E0}.Debug|Any CPU.ActiveCfg = Debug|Any CPU
		{9984E2D7-9B01-4A04-817F-ED5C71EB24E0}.Debug|Any CPU.Build.0 = Debug|Any CPU
		{9984E2D7-9B01-4A04-817F-ED5C71EB24E0}.Debug|x64.ActiveCfg = Debug|Any CPU
		{9984E2D7-9B01-4A04-817F-ED5C71EB24E0}.Debug|x64.Build.0 = Debug|Any CPU
		{9984E2D7-9B01-4A04-817F-ED5C71EB24E0}.Debug|x86.ActiveCfg = Debug|Any CPU
		{9984E2D7-9B01-4A04-817F-ED5C71EB24E0}.Debug|x86.Build.0 = Debug|Any CPU
		{9984E2D7-9B01-4A04-817F-ED5C71EB24E0}.Release|Any CPU.ActiveCfg = Release|Any CPU
		{9984E2D7-9B01-4A04-817F-ED5C71EB24E0}.Release|Any CPU.Build.0 = Release|Any CPU
		{9984E2D7-9B01-4A04-817F-ED5C71EB24E0}.Release|x64.ActiveCfg = Release|Any CPU
		{9984E2D7-9B01-4A04-817F-ED5C71EB24E0}.Release|x64.Build.0 = Release|Any CPU
		{9984E2D7-9B01-4A04-817F-ED5C71EB24E0}.Release|x86.ActiveCfg = Release|Any CPU
		{9984E2D7-9B01-4A04-817F-ED5C71EB24E0}.Release|x86.Build.0 = Release|Any CPU
		{39DF8338-BB67-472A-BE78-F7DEC9D291CC}.Debug|Any CPU.ActiveCfg = Debug|Any CPU
		{39DF8338-BB67-472A-BE78-F7DEC9D291CC}.Debug|Any CPU.Build.0 = Debug|Any CPU
		{39DF8338-BB67-472A-BE78-F7DEC9D291CC}.Debug|x64.ActiveCfg = Debug|Any CPU
		{39DF8338-BB67-472A-BE78-F7DEC9D291CC}.Debug|x64.Build.0 = Debug|Any CPU
		{39DF8338-BB67-472A-BE78-F7DEC9D291CC}.Debug|x86.ActiveCfg = Debug|Any CPU
		{39DF8338-BB67-472A-BE78-F7DEC9D291CC}.Debug|x86.Build.0 = Debug|Any CPU
		{39DF8338-BB67-472A-BE78-F7DEC9D291CC}.Release|Any CPU.ActiveCfg = Release|Any CPU
		{39DF8338-BB67-472A-BE78-F7DEC9D291CC}.Release|Any CPU.Build.0 = Release|Any CPU
		{39DF8338-BB67-472A-BE78-F7DEC9D291CC}.Release|x64.ActiveCfg = Release|Any CPU
		{39DF8338-BB67-472A-BE78-F7DEC9D291CC}.Release|x64.Build.0 = Release|Any CPU
		{39DF8338-BB67-472A-BE78-F7DEC9D291CC}.Release|x86.ActiveCfg = Release|Any CPU
		{39DF8338-BB67-472A-BE78-F7DEC9D291CC}.Release|x86.Build.0 = Release|Any CPU
		{C9A1D90F-3E8A-4B3D-A1D1-8F1ED8A538AA}.Debug|Any CPU.ActiveCfg = Debug|Any CPU
		{C9A1D90F-3E8A-4B3D-A1D1-8F1ED8A538AA}.Debug|Any CPU.Build.0 = Debug|Any CPU
		{C9A1D90F-3E8A-4B3D-A1D1-8F1ED8A538AA}.Debug|x64.ActiveCfg = Debug|Any CPU
		{C9A1D90F-3E8A-4B3D-A1D1-8F1ED8A538AA}.Debug|x64.Build.0 = Debug|Any CPU
		{C9A1D90F-3E8A-4B3D-A1D1-8F1ED8A538AA}.Debug|x86.ActiveCfg = Debug|Any CPU
		{C9A1D90F-3E8A-4B3D-A1D1-8F1ED8A538AA}.Debug|x86.Build.0 = Debug|Any CPU
		{C9A1D90F-3E8A-4B3D-A1D1-8F1ED8A538AA}.Release|Any CPU.ActiveCfg = Release|Any CPU
		{C9A1D90F-3E8A-4B3D-A1D1-8F1ED8A538AA}.Release|Any CPU.Build.0 = Release|Any CPU
		{C9A1D90F-3E8A-4B3D-A1D1-8F1ED8A538AA}.Release|x64.ActiveCfg = Release|Any CPU
		{C9A1D90F-3E8A-4B3D-A1D1-8F1ED8A538AA}.Release|x64.Build.0 = Release|Any CPU
		{C9A1D90F-3E8A-4B3D-A1D1-8F1ED8A538AA}.Release|x86.ActiveCfg = Release|Any CPU
		{C9A1D90F-3E8A-4B3D-A1D1-8F1ED8A538AA}.Release|x86.Build.0 = Release|Any CPU
	EndGlobalSection
EndGlobal
